
Microsoft Visual Studio Solution File, Format Version 12.00
# Visual Studio Version 17
VisualStudioVersion = 17.13.35931.197 d17.13
MinimumVisualStudioVersion = 10.0.40219.1
Project("{FAE04EC0-301F-11D3-BF4B-00C04F79EFBC}") = "IEQTemploDaAdoracao", "IEQTemploDaAdoracao.csproj", "{C2AFCFE7-25D0-457F-9C24-DDB31AEEB60B}"
EndProject
Global
	GlobalSection(SolutionConfigurationPlatforms) = preSolution
		Debug|Any CPU = Debug|Any CPU
		Release|Any CPU = Release|Any CPU
	EndGlobalSection
	GlobalSection(ProjectConfigurationPlatforms) = postSolution
		{C2AFCFE7-25D0-457F-9C24-DDB31AEEB60B}.Debug|Any CPU.ActiveCfg = Debug|Any CPU
		{C2AFCFE7-25D0-457F-9C24-DDB31AEEB60B}.Debug|Any CPU.Build.0 = Debug|Any CPU
		{C2AFCFE7-25D0-457F-9C24-DDB31AEEB60B}.Release|Any CPU.ActiveCfg = Release|Any CPU
		{C2AFCFE7-25D0-457F-9C24-DDB31AEEB60B}.Release|Any CPU.Build.0 = Release|Any CPU
	EndGlobalSection
	GlobalSection(SolutionProperties) = preSolution
		HideSolutionNode = FALSE
	EndGlobalSection
	GlobalSection(ExtensibilityGlobals) = postSolution
		SolutionGuid = {D8420A50-198D-43BD-8974-84B86F7B8FC8}
	EndGlobalSection
EndGlobal
